// !$*UTF8*$!
{
	archiveVersion = 1;
	classes = {
	};
	objectVersion = 56;
	objects = {

/* Begin PBXBuildFile section */
		7F6E917A2BC91ABA005F234B /* SettingView.swift in Sources */ = {isa = PBXBuildFile; fileRef = 7F6E91792BC91ABA005F234B /* SettingView.swift */; };
		7F89A1D32BC6770F0057E27E /* SimpleDarkModeSwiftUIApp.swift in Sources */ = {isa = PBXBuildFile; fileRef = 7F89A1D22BC6770F0057E27E /* SimpleDarkModeSwiftUIApp.swift */; };
		7F89A1D52BC6770F0057E27E /* ContentView.swift in Sources */ = {isa = PBXBuildFile; fileRef = 7F89A1D42BC6770F0057E27E /* ContentView.swift */; };
		7F89A1D72BC677110057E27E /* Assets.xcassets in Resources */ = {isa = PBXBuildFile; fileRef = 7F89A1D62BC677110057E27E /* Assets.xcassets */; };
		7F89A1DA2BC677110057E27E /* Preview Assets.xcassets in Resources */ = {isa = PBXBuildFile; fileRef = 7F89A1D92BC677110057E27E /* Preview Assets.xcassets */; };
		7F89A1E22BC67C860057E27E /* ProductModel.swift in Sources */ = {isa = PBXBuildFile; fileRef = 7F89A1E12BC67C860057E27E /* ProductModel.swift */; };
		7F89A1E52BC67CA60057E27E /* LoadProduct.swift in Sources */ = {isa = PBXBuildFile; fileRef = 7F89A1E42BC67CA60057E27E /* LoadProduct.swift */; };
		7F89A1E82BC67CC00057E27E /* Product.json in Resources */ = {isa = PBXBuildFile; fileRef = 7F89A1E72BC67CC00057E27E /* Product.json */; };
		7F89A1EB2BC67D740057E27E /* ProductRowView.swift in Sources */ = {isa = PBXBuildFile; fileRef = 7F89A1EA2BC67D740057E27E /* ProductRowView.swift */; };
		7F89A1ED2BC685280057E27E /* ProductListView.swift in Sources */ = {isa = PBXBuildFile; fileRef = 7F89A1EC2BC685280057E27E /* ProductListView.swift */; };
		7FC900222BC7878600C234C9 /* ProductDetailView.swift in Sources */ = {isa = PBXBuildFile; fileRef = 7FC900212BC7878600C234C9 /* ProductDetailView.swift */; };
/* End PBXBuildFile section */

/* Begin PBXFileReference section */
		7F6E91792BC91ABA005F234B /* SettingView.swift */ = {isa = PBXFileReference; lastKnownFileType = sourcecode.swift; path = SettingView.swift; sourceTree = "<group>"; };
		7F6E917B2BC91DE0005F234B /* Info.plist */ = {isa = PBXFileReference; lastKnownFileType = text.plist; path = Info.plist; sourceTree = "<group>"; };
		7F89A1CF2BC6770F0057E27E /* SimpleDarkModeSwiftUI.app */ = {isa = PBXFileReference; explicitFileType = wrapper.application; includeInIndex = 0; path = SimpleDarkModeSwiftUI.app; sourceTree = BUILT_PRODUCTS_DIR; };
		7F89A1D22BC6770F0057E27E /* SimpleDarkModeSwiftUIApp.swift */ = {isa = PBXFileReference; lastKnownFileType = sourcecode.swift; path = SimpleDarkModeSwiftUIApp.swift; sourceTree = "<group>"; };
		7F89A1D42BC6770F0057E27E /* ContentView.swift */ = {isa = PBXFileReference; lastKnownFileType = sourcecode.swift; path = ContentView.swift; sourceTree = "<group>"; };
		7F89A1D62BC677110057E27E /* Assets.xcassets */ = {isa = PBXFileReference; lastKnownFileType = folder.assetcatalog; path = Assets.xcassets; sourceTree = "<group>"; };
		7F89A1D92BC677110057E27E /* Preview Assets.xcassets */ = {isa = PBXFileReference; lastKnownFileType = folder.assetcatalog; path = "Preview Assets.xcassets"; sourceTree = "<group>"; };
		7F89A1E12BC67C860057E27E /* ProductModel.swift */ = {isa = PBXFileReference; fileEncoding = 4; lastKnownFileType = sourcecode.swift; path = ProductModel.swift; sourceTree = "<group>"; };
		7F89A1E42BC67CA60057E27E /* LoadProduct.swift */ = {isa = PBXFileReference; fileEncoding = 4; lastKnownFileType = sourcecode.swift; path = LoadProduct.swift; sourceTree = "<group>"; };
		7F89A1E72BC67CC00057E27E /* Product.json */ = {isa = PBXFileReference; fileEncoding = 4; lastKnownFileType = text.json; path = Product.json; sourceTree = "<group>"; };
		7F89A1EA2BC67D740057E27E /* ProductRowView.swift */ = {isa = PBXFileReference; lastKnownFileType = sourcecode.swift; path = ProductRowView.swift; sourceTree = "<group>"; };
		7F89A1EC2BC685280057E27E /* ProductListView.swift */ = {isa = PBXFileReference; lastKnownFileType = sourcecode.swift; path = ProductListView.swift; sourceTree = "<group>"; };
		7FC900212BC7878600C234C9 /* ProductDetailView.swift */ = {isa = PBXFileReference; lastKnownFileType = sourcecode.swift; path = ProductDetailView.swift; sourceTree = "<group>"; };
/* End PBXFileReference section */

/* Begin PBXFrameworksBuildPhase section */
		7F89A1CC2BC6770F0057E27E /* Frameworks */ = {
			isa = PBXFrameworksBuildPhase;
			buildActionMask = 2147483647;
			files = (
			);
			runOnlyForDeploymentPostprocessing = 0;
		};
/* End PBXFrameworksBuildPhase section */

/* Begin PBXGroup section */
		7F63ACAA2BC7D62A00251A22 /* Helper */ = {
			isa = PBXGroup;
			children = (
			);
			path = Helper;
			sourceTree = "<group>";
		};
		7F89A1C62BC6770F0057E27E = {
			isa = PBXGroup;
			children = (
				7F89A1D12BC6770F0057E27E /* SimpleDarkModeSwiftUI */,
				7F89A1D02BC6770F0057E27E /* Products */,
			);
			sourceTree = "<group>";
		};
		7F89A1D02BC6770F0057E27E /* Products */ = {
			isa = PBXGroup;
			children = (
				7F89A1CF2BC6770F0057E27E /* SimpleDarkModeSwiftUI.app */,
			);
			name = Products;
			sourceTree = "<group>";
		};
		7F89A1D12BC6770F0057E27E /* SimpleDarkModeSwiftUI */ = {
			isa = PBXGroup;
			children = (
				7F6E917B2BC91DE0005F234B /* Info.plist */,
				7F63ACAA2BC7D62A00251A22 /* Helper */,
				7F89A1E92BC67D100057E27E /* View */,
				7F89A1E62BC67CC00057E27E /* Util */,
				7F89A1E32BC67CA60057E27E /* ProductViewModel */,
				7F89A1E02BC67C860057E27E /* Model */,
				7F89A1D22BC6770F0057E27E /* SimpleDarkModeSwiftUIApp.swift */,
				7F89A1D42BC6770F0057E27E /* ContentView.swift */,
				7F89A1D62BC677110057E27E /* Assets.xcassets */,
				7F89A1D82BC677110057E27E /* Preview Content */,
			);
			path = SimpleDarkModeSwiftUI;
			sourceTree = "<group>";
		};
		7F89A1D82BC677110057E27E /* Preview Content */ = {
			isa = PBXGroup;
			children = (
				7F89A1D92BC677110057E27E /* Preview Assets.xcassets */,
			);
			path = "Preview Content";
			sourceTree = "<group>";
		};
		7F89A1E02BC67C860057E27E /* Model */ = {
			isa = PBXGroup;
			children = (
				7F89A1E12BC67C860057E27E /* ProductModel.swift */,
			);
			path = Model;
			sourceTree = "<group>";
		};
		7F89A1E32BC67CA60057E27E /* ProductViewModel */ = {
			isa = PBXGroup;
			children = (
				7F89A1E42BC67CA60057E27E /* LoadProduct.swift */,
			);
			path = ProductViewModel;
			sourceTree = "<group>";
		};
		7F89A1E62BC67CC00057E27E /* Util */ = {
			isa = PBXGroup;
			children = (
				7F89A1E72BC67CC00057E27E /* Product.json */,
			);
			path = Util;
			sourceTree = "<group>";
		};
		7F89A1E92BC67D100057E27E /* View */ = {
			isa = PBXGroup;
			children = (
				7F89A1EA2BC67D740057E27E /* ProductRowView.swift */,
				7F89A1EC2BC685280057E27E /* ProductListView.swift */,
				7FC900212BC7878600C234C9 /* ProductDetailView.swift */,
				7F6E91792BC91ABA005F234B /* SettingView.swift */,
			);
			path = View;
			sourceTree = "<group>";
		};
/* End PBXGroup section */

/* Begin PBXNativeTarget section */
		7F89A1CE2BC6770F0057E27E /* SimpleDarkModeSwiftUI */ = {
			isa = PBXNativeTarget;
			buildConfigurationList = 7F89A1DD2BC677110057E27E /* Build configuration list for PBXNativeTarget "SimpleDarkModeSwiftUI" */;
			buildPhases = (
				7F89A1CB2BC6770F0057E27E /* Sources */,
				7F89A1CC2BC6770F0057E27E /* Frameworks */,
				7F89A1CD2BC6770F0057E27E /* Resources */,
			);
			buildRules = (
			);
			dependencies = (
			);
			name = SimpleDarkModeSwiftUI;
			packageProductDependencies = (
			);
			productName = SimpleDarkModeSwiftUI;
			productReference = 7F89A1CF2BC6770F0057E27E /* SimpleDarkModeSwiftUI.app */;
			productType = "com.apple.product-type.application";
		};
/* End PBXNativeTarget section */

/* Begin PBXProject section */
		7F89A1C72BC6770F0057E27E /* Project object */ = {
			isa = PBXProject;
			attributes = {
				BuildIndependentTargetsInParallel = 1;
				LastSwiftUpdateCheck = 1510;
				LastUpgradeCheck = 1510;
				TargetAttributes = {
					7F89A1CE2BC6770F0057E27E = {
						CreatedOnToolsVersion = 15.1;
					};
				};
			};
			buildConfigurationList = 7F89A1CA2BC6770F0057E27E /* Build configuration list for PBXProject "SimpleDarkModeSwiftUI" */;
			compatibilityVersion = "Xcode 14.0";
			developmentRegion = en;
			hasScannedForEncodings = 0;
			knownRegions = (
				en,
				Base,
			);
			mainGroup = 7F89A1C62BC6770F0057E27E;
			packageReferences = (
			);
			productRefGroup = 7F89A1D02BC6770F0057E27E /* Products */;
			projectDirPath = "";
			projectRoot = "";
			targets = (
				7F89A1CE2BC6770F0057E27E /* SimpleDarkModeSwiftUI */,
			);
		};
/* End PBXProject section */

/* Begin PBXResourcesBuildPhase section */
		7F89A1CD2BC6770F0057E27E /* Resources */ = {
			isa = PBXResourcesBuildPhase;
			buildActionMask = 2147483647;
			files = (
				7F89A1DA2BC677110057E27E /* Preview Assets.xcassets in Resources */,
				7F89A1E82BC67CC00057E27E /* Product.json in Resources */,
				7F89A1D72BC677110057E27E /* Assets.xcassets in Resources */,
			);
			runOnlyForDeploymentPostprocessing = 0;
		};
/* End PBXResourcesBuildPhase section */

/* Begin PBXSourcesBuildPhase section */
		7F89A1CB2BC6770F0057E27E /* Sources */ = {
			isa = PBXSourcesBuildPhase;
			buildActionMask = 2147483647;
			files = (
				7F89A1EB2BC67D740057E27E /* ProductRowView.swift in Sources */,
				7FC900222BC7878600C234C9 /* ProductDetailView.swift in Sources */,
				7F89A1D52BC6770F0057E27E /* ContentView.swift in Sources */,
				7F89A1E22BC67C860057E27E /* ProductModel.swift in Sources */,
				7F89A1ED2BC685280057E27E /* ProductListView.swift in Sources */,
				7F89A1E52BC67CA60057E27E /* LoadProduct.swift in Sources */,
				7F89A1D32BC6770F0057E27E /* SimpleDarkModeSwiftUIApp.swift in Sources */,
				7F6E917A2BC91ABA005F234B /* SettingView.swift in Sources */,
			);
			runOnlyForDeploymentPostprocessing = 0;
		};
/* End PBXSourcesBuildPhase section */

/* Begin XCBuildConfiguration section */
		7F89A1DB2BC677110057E27E /* Debug */ = {
			isa = XCBuildConfiguration;
			buildSettings = {
				ALWAYS_SEARCH_USER_PATHS = NO;
				ASSETCATALOG_COMPILER_GENERATE_SWIFT_ASSET_SYMBOL_EXTENSIONS = YES;
				CLANG_ANALYZER_NONNULL = YES;
				CLANG_ANALYZER_NUMBER_OBJECT_CONVERSION = YES_AGGRESSIVE;
				CLANG_CXX_LANGUAGE_STANDARD = "gnu++20";
				CLANG_ENABLE_MODULES = YES;
				CLANG_ENABLE_OBJC_ARC = YES;
				CLANG_ENABLE_OBJC_WEAK = YES;
				CLANG_WARN_BLOCK_CAPTURE_AUTORELEASING = YES;
				CLANG_WARN_BOOL_CONVERSION = YES;
				CLANG_WARN_COMMA = YES;
				CLANG_WARN_CONSTANT_CONVERSION = YES;
				CLANG_WARN_DEPRECATED_OBJC_IMPLEMENTATIONS = YES;
				CLANG_WARN_DIRECT_OBJC_ISA_USAGE = YES_ERROR;
				CLANG_WARN_DOCUMENTATION_COMMENTS = YES;
				CLANG_WARN_EMPTY_BODY = YES;
				CLANG_WARN_ENUM_CONVERSION = YES;
				CLANG_WARN_INFINITE_RECURSION = YES;
				CLANG_WARN_INT_CONVERSION = YES;
				CLANG_WARN_NON_LITERAL_NULL_CONVERSION = YES;
				CLANG_WARN_OBJC_IMPLICIT_RETAIN_SELF = YES;
				CLANG_WARN_OBJC_LITERAL_CONVERSION = YES;
				CLANG_WARN_OBJC_ROOT_CLASS = YES_ERROR;
				CLANG_WARN_QUOTED_INCLUDE_IN_FRAMEWORK_HEADER = YES;
				CLANG_WARN_RANGE_LOOP_ANALYSIS = YES;
				CLANG_WARN_STRICT_PROTOTYPES = YES;
				CLANG_WARN_SUSPICIOUS_MOVE = YES;
				CLANG_WARN_UNGUARDED_AVAILABILITY = YES_AGGRESSIVE;
				CLANG_WARN_UNREACHABLE_CODE = YES;
				CLANG_WARN__DUPLICATE_METHOD_MATCH = YES;
				COPY_PHASE_STRIP = NO;
				DEBUG_INFORMATION_FORMAT = dwarf;
				ENABLE_STRICT_OBJC_MSGSEND = YES;
				ENABLE_TESTABILITY = YES;
				ENABLE_USER_SCRIPT_SANDBOXING = YES;
				GCC_C_LANGUAGE_STANDARD = gnu17;
				GCC_DYNAMIC_NO_PIC = NO;
				GCC_NO_COMMON_BLOCKS = YES;
				GCC_OPTIMIZATION_LEVEL = 0;
				GCC_PREPROCESSOR_DEFINITIONS = (
					"DEBUG=1",
					"$(inherited)",
				);
				GCC_WARN_64_TO_32_BIT_CONVERSION = YES;
				GCC_WARN_ABOUT_RETURN_TYPE = YES_ERROR;
				GCC_WARN_UNDECLARED_SELECTOR = YES;
				GCC_WARN_UNINITIALIZED_AUTOS = YES_AGGRESSIVE;
				GCC_WARN_UNUSED_FUNCTION = YES;
				GCC_WARN_UNUSED_VARIABLE = YES;
				IPHONEOS_DEPLOYMENT_TARGET = 17.2;
				LOCALIZATION_PREFERS_STRING_CATALOGS = YES;
				MTL_ENABLE_DEBUG_INFO = INCLUDE_SOURCE;
				MTL_FAST_MATH = YES;
				ONLY_ACTIVE_ARCH = YES;
				SDKROOT = iphoneos;
				SWIFT_ACTIVE_COMPILATION_CONDITIONS = "DEBUG $(inherited)";
				SWIFT_OPTIMIZATION_LEVEL = "-Onone";
			};
			name = Debug;
		};
		7F89A1DC2BC677110057E27E /* Release */ = {
			isa = XCBuildConfiguration;
			buildSettings = {
				ALWAYS_SEARCH_USER_PATHS = NO;
				ASSETCATALOG_COMPILER_GENERATE_SWIFT_ASSET_SYMBOL_EXTENSIONS = YES;
				CLANG_ANALYZER_NONNULL = YES;
				CLANG_ANALYZER_NUMBER_OBJECT_CONVERSION = YES_AGGRESSIVE;
				CLANG_CXX_LANGUAGE_STANDARD = "gnu++20";
				CLANG_ENABLE_MODULES = YES;
				CLANG_ENABLE_OBJC_ARC = YES;
				CLANG_ENABLE_OBJC_WEAK = YES;
				CLANG_WARN_BLOCK_CAPTURE_AUTORELEASING = YES;
				CLANG_WARN_BOOL_CONVERSION = YES;
				CLANG_WARN_COMMA = YES;
				CLANG_WARN_CONSTANT_CONVERSION = YES;
				CLANG_WARN_DEPRECATED_OBJC_IMPLEMENTATIONS = YES;
				CLANG_WARN_DIRECT_OBJC_ISA_USAGE = YES_ERROR;
				CLANG_WARN_DOCUMENTATION_COMMENTS = YES;
				CLANG_WARN_EMPTY_BODY = YES;
				CLANG_WARN_ENUM_CONVERSION = YES;
				CLANG_WARN_INFINITE_RECURSION = YES;
				CLANG_WARN_INT_CONVERSION = YES;
				CLANG_WARN_NON_LITERAL_NULL_CONVERSION = YES;
				CLANG_WARN_OBJC_IMPLICIT_RETAIN_SELF = YES;
				CLANG_WARN_OBJC_LITERAL_CONVERSION = YES;
				CLANG_WARN_OBJC_ROOT_CLASS = YES_ERROR;
				CLANG_WARN_QUOTED_INCLUDE_IN_FRAMEWORK_HEADER = YES;
				CLANG_WARN_RANGE_LOOP_ANALYSIS = YES;
				CLANG_WARN_STRICT_PROTOTYPES = YES;
				CLANG_WARN_SUSPICIOUS_MOVE = YES;
				CLANG_WARN_UNGUARDED_AVAILABILITY = YES_AGGRESSIVE;
				CLANG_WARN_UNREACHABLE_CODE = YES;
				CLANG_WARN__DUPLICATE_METHOD_MATCH = YES;
				COPY_PHASE_STRIP = NO;
				DEBUG_INFORMATION_FORMAT = "dwarf-with-dsym";
				ENABLE_NS_ASSERTIONS = NO;
				ENABLE_STRICT_OBJC_MSGSEND = YES;
				ENABLE_USER_SCRIPT_SANDBOXING = YES;
				GCC_C_LANGUAGE_STANDARD = gnu17;
				GCC_NO_COMMON_BLOCKS = YES;
				GCC_WARN_64_TO_32_BIT_CONVERSION = YES;
				GCC_WARN_ABOUT_RETURN_TYPE = YES_ERROR;
				GCC_WARN_UNDECLARED_SELECTOR = YES;
				GCC_WARN_UNINITIALIZED_AUTOS = YES_AGGRESSIVE;
				GCC_WARN_UNUSED_FUNCTION = YES;
				GCC_WARN_UNUSED_VARIABLE = YES;
				IPHONEOS_DEPLOYMENT_TARGET = 17.2;
				LOCALIZATION_PREFERS_STRING_CATALOGS = YES;
				MTL_ENABLE_DEBUG_INFO = NO;
				MTL_FAST_MATH = YES;
				SDKROOT = iphoneos;
				SWIFT_COMPILATION_MODE = wholemodule;
				VALIDATE_PRODUCT = YES;
			};
			name = Release;
		};
		7F89A1DE2BC677110057E27E /* Debug */ = {
			isa = XCBuildConfiguration;
			buildSettings = {
				ASSETCATALOG_COMPILER_APPICON_NAME = AppIcon;
				ASSETCATALOG_COMPILER_GLOBAL_ACCENT_COLOR_NAME = AccentColor;
				CODE_SIGN_STYLE = Automatic;
				CURRENT_PROJECT_VERSION = 1;
				DEVELOPMENT_ASSET_PATHS = "\"SimpleDarkModeSwiftUI/Preview Content\"";
				DEVELOPMENT_TEAM = 62EMNW6G6D;
				ENABLE_PREVIEWS = YES;
				GENERATE_INFOPLIST_FILE = YES;
				INFOPLIST_FILE = SimpleDarkModeSwiftUI/Info.plist;
				INFOPLIST_KEY_UIApplicationSceneManifest_Generation = YES;
				INFOPLIST_KEY_UIApplicationSupportsIndirectInputEvents = YES;
				INFOPLIST_KEY_UILaunchScreen_Generation = YES;
				INFOPLIST_KEY_UISupportedInterfaceOrientations_iPad = "UIInterfaceOrientationPortrait UIInterfaceOrientationPortraitUpsideDown UIInterfaceOrientationLandscapeLeft UIInterfaceOrientationLandscapeRight";
				INFOPLIST_KEY_UISupportedInterfaceOrientations_iPhone = "UIInterfaceOrientationPortrait UIInterfaceOrientationLandscapeLeft UIInterfaceOrientationLandscapeRight";
				IPHONEOS_DEPLOYMENT_TARGET = 16.5;
				LD_RUNPATH_SEARCH_PATHS = (
					"$(inherited)",
					"@executable_path/Frameworks",
				);
				MARKETING_VERSION = 1.0;
				PRODUCT_BUNDLE_IDENTIFIER = kh.com.test.simpletest.SimpleDarkModeSwiftUI;
				PRODUCT_NAME = "$(TARGET_NAME)";
				SWIFT_EMIT_LOC_STRINGS = YES;
				SWIFT_VERSION = 5.0;
				TARGETED_DEVICE_FAMILY = "1,2";
			};
			name = Debug;
		};
		7F89A1DF2BC677110057E27E /* Release */ = {
			isa = XCBuildConfiguration;
			buildSettings = {
				ASSETCATALOG_COMPILER_APPICON_NAME = AppIcon;
				ASSETCATALOG_COMPILER_GLOBAL_ACCENT_COLOR_NAME = AccentColor;
				CODE_SIGN_STYLE = Automatic;
				CURRENT_PROJECT_VERSION = 1;
				DEVELOPMENT_ASSET_PATHS = "\"SimpleDarkModeSwiftUI/Preview Content\"";
				DEVELOPMENT_TEAM = 62EMNW6G6D;
				ENABLE_PREVIEWS = YES;
				GENERATE_INFOPLIST_FILE = YES;
				INFOPLIST_FILE = SimpleDarkModeSwiftUI/Info.plist;
				INFOPLIST_KEY_UIApplicationSceneManifest_Generation = YES;
				INFOPLIST_KEY_UIApplicationSupportsIndirectInputEvents = YES;
				INFOPLIST_KEY_UILaunchScreen_Generation = YES;
				INFOPLIST_KEY_UISupportedInterfaceOrientations_iPad = "UIInterfaceOrientationPortrait UIInterfaceOrientationPortraitUpsideDown UIInterfaceOrientationLandscapeLeft UIInterfaceOrientationLandscapeRight";
				INFOPLIST_KEY_UISupportedInterfaceOrientations_iPhone = "UIInterfaceOrientationPortrait UIInterfaceOrientationLandscapeLeft UIInterfaceOrientationLandscapeRight";
				IPHONEOS_DEPLOYMENT_TARGET = 16.5;
				LD_RUNPATH_SEARCH_PATHS = (
					"$(inherited)",
					"@executable_path/Frameworks",
				);
				MARKETING_VERSION = 1.0;
				PRODUCT_BUNDLE_IDENTIFIER = kh.com.test.simpletest.SimpleDarkModeSwiftUI;
				PRODUCT_NAME = "$(TARGET_NAME)";
				SWIFT_EMIT_LOC_STRINGS = YES;
				SWIFT_VERSION = 5.0;
				TARGETED_DEVICE_FAMILY = "1,2";
			};
			name = Release;
		};
/* End XCBuildConfiguration section */

/* Begin XCConfigurationList section */
		7F89A1CA2BC6770F0057E27E /* Build configuration list for PBXProject "SimpleDarkModeSwiftUI" */ = {
			isa = XCConfigurationList;
			buildConfigurations = (
				7F89A1DB2BC677110057E27E /* Debug */,
				7F89A1DC2BC677110057E27E /* Release */,
			);
			defaultConfigurationIsVisible = 0;
			defaultConfigurationName = Release;
		};
		7F89A1DD2BC677110057E27E /* Build configuration list for PBXNativeTarget "SimpleDarkModeSwiftUI" */ = {
			isa = XCConfigurationList;
			buildConfigurations = (
				7F89A1DE2BC677110057E27E /* Debug */,
				7F89A1DF2BC677110057E27E /* Release */,
			);
			defaultConfigurationIsVisible = 0;
			defaultConfigurationName = Release;
		};
/* End XCConfigurationList section */
	};
	rootObject = 7F89A1C72BC6770F0057E27E /* Project object */;
}
